
Microsoft Visual Studio Solution File, Format Version 12.00
# Visual Studio 15
VisualStudioVersion = 15.0.27703.2035
MinimumVisualStudioVersion = 10.0.40219.1
Project("{FAE04EC0-301F-11D3-BF4B-00C04F79EFBC}") = "OOP_5", "OOP_5\OOP_5.csproj", "{CEC2390E-1300-4B41-A727-CC61D184E95B}"
EndProject
Global
	GlobalSection(SolutionConfigurationPlatforms) = preSolution
		Debug|Any CPU = Debug|Any CPU
		Release|Any CPU = Release|Any CPU
	EndGlobalSection
	GlobalSection(ProjectConfigurationPlatforms) = postSolution
		{CEC2390E-1300-4B41-A727-CC61D184E95B}.Debug|Any CPU.ActiveCfg = Debug|Any CPU
		{CEC2390E-1300-4B41-A727-CC61D184E95B}.Debug|Any CPU.Build.0 = Debug|Any CPU
		{CEC2390E-1300-4B41-A727-CC61D184E95B}.Release|Any CPU.ActiveCfg = Release|Any CPU
		{CEC2390E-1300-4B41-A727-CC61D184E95B}.Release|Any CPU.Build.0 = Release|Any CPU
	EndGlobalSection
	GlobalSection(SolutionProperties) = preSolution
		HideSolutionNode = FALSE
	EndGlobalSection
	GlobalSection(ExtensibilityGlobals) = postSolution
		SolutionGuid = {FEF4229E-B0F9-455C-8B50-5D11C0A97370}
	EndGlobalSection
EndGlobal
