
Microsoft Visual Studio Solution File, Format Version 12.00
# Visual Studio 15
VisualStudioVersion = 15.0.27703.2035
MinimumVisualStudioVersion = 10.0.40219.1
Project("{FAE04EC0-301F-11D3-BF4B-00C04F79EFBC}") = "OOP_9", "OOP_9\OOP_9.csproj", "{EF8646CA-A15F-4837-A3BD-A6A447983AFE}"
EndProject
Global
	GlobalSection(SolutionConfigurationPlatforms) = preSolution
		Debug|Any CPU = Debug|Any CPU
		Release|Any CPU = Release|Any CPU
	EndGlobalSection
	GlobalSection(ProjectConfigurationPlatforms) = postSolution
		{EF8646CA-A15F-4837-A3BD-A6A447983AFE}.Debug|Any CPU.ActiveCfg = Debug|Any CPU
		{EF8646CA-A15F-4837-A3BD-A6A447983AFE}.Debug|Any CPU.Build.0 = Debug|Any CPU
		{EF8646CA-A15F-4837-A3BD-A6A447983AFE}.Release|Any CPU.ActiveCfg = Release|Any CPU
		{EF8646CA-A15F-4837-A3BD-A6A447983AFE}.Release|Any CPU.Build.0 = Release|Any CPU
	EndGlobalSection
	GlobalSection(SolutionProperties) = preSolution
		HideSolutionNode = FALSE
	EndGlobalSection
	GlobalSection(ExtensibilityGlobals) = postSolution
		SolutionGuid = {F7C7510F-E1A9-405F-A058-55C5EF1C793A}
	EndGlobalSection
EndGlobal
