
Microsoft Visual Studio Solution File, Format Version 12.00
# Visual Studio 15
VisualStudioVersion = 15.0.27703.2035
MinimumVisualStudioVersion = 10.0.40219.1
Project("{FAE04EC0-301F-11D3-BF4B-00C04F79EFBC}") = "OOP_4", "OOP_4\OOP_4.csproj", "{8863FBCB-1196-4490-88FE-A1CD9A40B64D}"
EndProject
Global
	GlobalSection(SolutionConfigurationPlatforms) = preSolution
		Debug|Any CPU = Debug|Any CPU
		Release|Any CPU = Release|Any CPU
	EndGlobalSection
	GlobalSection(ProjectConfigurationPlatforms) = postSolution
		{8863FBCB-1196-4490-88FE-A1CD9A40B64D}.Debug|Any CPU.ActiveCfg = Debug|Any CPU
		{8863FBCB-1196-4490-88FE-A1CD9A40B64D}.Debug|Any CPU.Build.0 = Debug|Any CPU
		{8863FBCB-1196-4490-88FE-A1CD9A40B64D}.Release|Any CPU.ActiveCfg = Release|Any CPU
		{8863FBCB-1196-4490-88FE-A1CD9A40B64D}.Release|Any CPU.Build.0 = Release|Any CPU
	EndGlobalSection
	GlobalSection(SolutionProperties) = preSolution
		HideSolutionNode = FALSE
	EndGlobalSection
	GlobalSection(ExtensibilityGlobals) = postSolution
		SolutionGuid = {1F961271-5D9C-4AFD-84A1-644D3EFA3A5C}
	EndGlobalSection
EndGlobal
