
Microsoft Visual Studio Solution File, Format Version 12.00
# Visual Studio 15
VisualStudioVersion = 15.0.27703.2035
MinimumVisualStudioVersion = 10.0.40219.1
Project("{FAE04EC0-301F-11D3-BF4B-00C04F79EFBC}") = "OOP_8", "OOP_8\OOP_8.csproj", "{B77230AE-78FB-40E9-8EA4-B435B78266AA}"
EndProject
Global
	GlobalSection(SolutionConfigurationPlatforms) = preSolution
		Debug|Any CPU = Debug|Any CPU
		Release|Any CPU = Release|Any CPU
	EndGlobalSection
	GlobalSection(ProjectConfigurationPlatforms) = postSolution
		{B77230AE-78FB-40E9-8EA4-B435B78266AA}.Debug|Any CPU.ActiveCfg = Debug|Any CPU
		{B77230AE-78FB-40E9-8EA4-B435B78266AA}.Debug|Any CPU.Build.0 = Debug|Any CPU
		{B77230AE-78FB-40E9-8EA4-B435B78266AA}.Release|Any CPU.ActiveCfg = Release|Any CPU
		{B77230AE-78FB-40E9-8EA4-B435B78266AA}.Release|Any CPU.Build.0 = Release|Any CPU
	EndGlobalSection
	GlobalSection(SolutionProperties) = preSolution
		HideSolutionNode = FALSE
	EndGlobalSection
	GlobalSection(ExtensibilityGlobals) = postSolution
		SolutionGuid = {148200B3-D023-4DF5-A55B-8A5280748057}
	EndGlobalSection
EndGlobal
